
Microsoft Visual Studio Solution File, Format Version 12.00
# Visual Studio Version 17
VisualStudioVersion = 17.7.34031.279
MinimumVisualStudioVersion = 10.0.40219.1
Project("{9A19103F-16F7-4668-BE54-9A1E7A4F7556}") = "PolSchoolWeb", "PolSchoolWeb\PolSchoolWeb.csproj", "{6E2845A9-602C-4848-A6AC-0CFD5EDC7B00}"
EndProject
Project("{FAE04EC0-301F-11D3-BF4B-00C04F79EFBC}") = "PolSchool.DAL", "PolSchool.DAL\PolSchool.DAL.csproj", "{2403BA77-47A7-48E4-8307-97509CFE52E0}"
EndProject
Project("{FAE04EC0-301F-11D3-BF4B-00C04F79EFBC}") = "PolSchool.BL", "PolSchool.BL\PolSchool.BL.csproj", "{403D246A-A0B7-47E7-93D7-10529A8083DC}"
EndProject
Global
	GlobalSection(SolutionConfigurationPlatforms) = preSolution
		Debug|Any CPU = Debug|Any CPU
		Release|Any CPU = Release|Any CPU
	EndGlobalSection
	GlobalSection(ProjectConfigurationPlatforms) = postSolution
		{6E2845A9-602C-4848-A6AC-0CFD5EDC7B00}.Debug|Any CPU.ActiveCfg = Debug|Any CPU
		{6E2845A9-602C-4848-A6AC-0CFD5EDC7B00}.Debug|Any CPU.Build.0 = Debug|Any CPU
		{6E2845A9-602C-4848-A6AC-0CFD5EDC7B00}.Release|Any CPU.ActiveCfg = Release|Any CPU
		{6E2845A9-602C-4848-A6AC-0CFD5EDC7B00}.Release|Any CPU.Build.0 = Release|Any CPU
		{2403BA77-47A7-48E4-8307-97509CFE52E0}.Debug|Any CPU.ActiveCfg = Debug|Any CPU
		{2403BA77-47A7-48E4-8307-97509CFE52E0}.Debug|Any CPU.Build.0 = Debug|Any CPU
		{2403BA77-47A7-48E4-8307-97509CFE52E0}.Release|Any CPU.ActiveCfg = Release|Any CPU
		{2403BA77-47A7-48E4-8307-97509CFE52E0}.Release|Any CPU.Build.0 = Release|Any CPU
		{403D246A-A0B7-47E7-93D7-10529A8083DC}.Debug|Any CPU.ActiveCfg = Debug|Any CPU
		{403D246A-A0B7-47E7-93D7-10529A8083DC}.Debug|Any CPU.Build.0 = Debug|Any CPU
		{403D246A-A0B7-47E7-93D7-10529A8083DC}.Release|Any CPU.ActiveCfg = Release|Any CPU
		{403D246A-A0B7-47E7-93D7-10529A8083DC}.Release|Any CPU.Build.0 = Release|Any CPU
	EndGlobalSection
	GlobalSection(SolutionProperties) = preSolution
		HideSolutionNode = FALSE
	EndGlobalSection
	GlobalSection(ExtensibilityGlobals) = postSolution
		SolutionGuid = {322462C1-F8EE-472D-805D-C5AE72C43A20}
	EndGlobalSection
EndGlobal
